// !$*UTF8*$!
{
	archiveVersion = 1;
	classes = {
	};
	objectVersion = 55;
	objects = {

/* Begin PBXBuildFile section */
		A717323128355ED90073E702 /* HomeListTopView.swift in Sources */ = {isa = PBXBuildFile; fileRef = A717323028355ED90073E702 /* HomeListTopView.swift */; };
		A7173234283564620073E702 /* Constant.swift in Sources */ = {isa = PBXBuildFile; fileRef = A7173233283564620073E702 /* Constant.swift */; };
		A71732362836171A0073E702 /* bappy.png in Resources */ = {isa = PBXBuildFile; fileRef = A71732352836171A0073E702 /* bappy.png */; };
		A71732382836171F0073E702 /* logo.png in Resources */ = {isa = PBXBuildFile; fileRef = A71732372836171F0073E702 /* logo.png */; };
		A717323C28361F580073E702 /* TitleTopView.swift in Sources */ = {isa = PBXBuildFile; fileRef = A717323B28361F580073E702 /* TitleTopView.swift */; };
		A717323F283631860073E702 /* BappyNavigationViewController.swift in Sources */ = {isa = PBXBuildFile; fileRef = A717323E283631860073E702 /* BappyNavigationViewController.swift */; };
		A717324128363D1F0073E702 /* ProfileView.swift in Sources */ = {isa = PBXBuildFile; fileRef = A717324028363D1F0073E702 /* ProfileView.swift */; };
		A71EBAEC283553890052C60A /* BappyTabBarController.swift in Sources */ = {isa = PBXBuildFile; fileRef = A71EBAEB283553890052C60A /* BappyTabBarController.swift */; };
		A71EBAEE2835558D0052C60A /* MyListViewController.swift in Sources */ = {isa = PBXBuildFile; fileRef = A71EBAED2835558D0052C60A /* MyListViewController.swift */; };
		A71EBAF0283555B90052C60A /* HomeListViewController.swift in Sources */ = {isa = PBXBuildFile; fileRef = A71EBAEF283555B90052C60A /* HomeListViewController.swift */; };
		A71EBAF2283555D30052C60A /* ProfileViewController.swift in Sources */ = {isa = PBXBuildFile; fileRef = A71EBAF1283555D30052C60A /* ProfileViewController.swift */; };
		A72C06C6283666820068897C /* HangoutCell.swift in Sources */ = {isa = PBXBuildFile; fileRef = A72C06C5283666820068897C /* HangoutCell.swift */; };
		A72C06C8283694110068897C /* example_post.png in Resources */ = {isa = PBXBuildFile; fileRef = A72C06C7283694110068897C /* example_post.png */; };
		A72C06CA283732690068897C /* ParticipantsView.swift in Sources */ = {isa = PBXBuildFile; fileRef = A72C06C9283732690068897C /* ParticipantsView.swift */; };
		A72C06CC283733E50068897C /* ParticipantImageCell.swift in Sources */ = {isa = PBXBuildFile; fileRef = A72C06CB283733E50068897C /* ParticipantImageCell.swift */; };
		A72C06CE28373A360068897C /* HangoutDetailViewController.swift in Sources */ = {isa = PBXBuildFile; fileRef = A72C06CD28373A360068897C /* HangoutDetailViewController.swift */; };
		A74640DA282EA1BC0022322E /* CountryListView.swift in Sources */ = {isa = PBXBuildFile; fileRef = A74640D9282EA1BC0022322E /* CountryListView.swift */; };
		A7598C7C282EA90D00F96E39 /* Country.swift in Sources */ = {isa = PBXBuildFile; fileRef = A7598C7B282EA90D00F96E39 /* Country.swift */; };
		A75B11B4283BE66200C49597 /* BappyTabBar.swift in Sources */ = {isa = PBXBuildFile; fileRef = A75B11B3283BE66200C49597 /* BappyTabBar.swift */; };
		A75B11B8283C75C100C49597 /* ReportViewController.swift in Sources */ = {isa = PBXBuildFile; fileRef = A75B11B7283C75C100C49597 /* ReportViewController.swift */; };
		A75B11BB283C8A4000C49597 /* ReportWritingSectionView.swift in Sources */ = {isa = PBXBuildFile; fileRef = A75B11BA283C8A4000C49597 /* ReportWritingSectionView.swift */; };
		A75B11BD283C993C00C49597 /* ReportImageSectionView.swift in Sources */ = {isa = PBXBuildFile; fileRef = A75B11BC283C993C00C49597 /* ReportImageSectionView.swift */; };
		A75B11C0283C9BF700C49597 /* ReportPhotoCell.swift in Sources */ = {isa = PBXBuildFile; fileRef = A75B11BF283C9BF700C49597 /* ReportPhotoCell.swift */; };
		A75B11C3283CB14B00C49597 /* ReportTypeDropdownView.swift in Sources */ = {isa = PBXBuildFile; fileRef = A75B11C2283CB14B00C49597 /* ReportTypeDropdownView.swift */; };
		A75B11C5283CBC1F00C49597 /* ReportTypeCell.swift in Sources */ = {isa = PBXBuildFile; fileRef = A75B11C4283CBC1F00C49597 /* ReportTypeCell.swift */; };
		A75B11C8283CF70400C49597 /* Lottie in Frameworks */ = {isa = PBXBuildFile; productRef = A75B11C7283CF70400C49597 /* Lottie */; };
		A75B11CA283CF74600C49597 /* RegisterSuccessViewController.swift in Sources */ = {isa = PBXBuildFile; fileRef = A75B11C9283CF74600C49597 /* RegisterSuccessViewController.swift */; };
		A75B11CF283CF7A300C49597 /* success.json in Resources */ = {isa = PBXBuildFile; fileRef = A75B11CE283CF7A300C49597 /* success.json */; };
		A769CCDE282A8C300086182C /* AppDelegate.swift in Sources */ = {isa = PBXBuildFile; fileRef = A769CCDD282A8C300086182C /* AppDelegate.swift */; };
		A769CCE0282A8C300086182C /* SceneDelegate.swift in Sources */ = {isa = PBXBuildFile; fileRef = A769CCDF282A8C300086182C /* SceneDelegate.swift */; };
		A769CCE7282A8C310086182C /* Assets.xcassets in Resources */ = {isa = PBXBuildFile; fileRef = A769CCE6282A8C310086182C /* Assets.xcassets */; };
		A769CCEA282A8C310086182C /* LaunchScreen.storyboard in Resources */ = {isa = PBXBuildFile; fileRef = A769CCE8282A8C310086182C /* LaunchScreen.storyboard */; };
		A769CCFC282A8EF30086182C /* SnapKit in Frameworks */ = {isa = PBXBuildFile; productRef = A769CCFB282A8EF30086182C /* SnapKit */; };
		A769CCFF282A8F100086182C /* Kingfisher in Frameworks */ = {isa = PBXBuildFile; productRef = A769CCFE282A8F100086182C /* Kingfisher */; };
		A769CD1D282A947B0086182C /* Extension.swift in Sources */ = {isa = PBXBuildFile; fileRef = A769CD1C282A947B0086182C /* Extension.swift */; };
		A77309A728376288007E73F4 /* SortingHeaderView.swift in Sources */ = {isa = PBXBuildFile; fileRef = A77309A628376288007E73F4 /* SortingHeaderView.swift */; };
		A77F42F8283067B9008BC89A /* RegisterViewModel.swift in Sources */ = {isa = PBXBuildFile; fileRef = A77F42F7283067B9008BC89A /* RegisterViewModel.swift */; };
		A77F42FB28306801008BC89A /* RxCocoa in Frameworks */ = {isa = PBXBuildFile; productRef = A77F42FA28306801008BC89A /* RxCocoa */; };
		A77F42FD28306801008BC89A /* RxRelay in Frameworks */ = {isa = PBXBuildFile; productRef = A77F42FC28306801008BC89A /* RxRelay */; };
		A77F42FF28306801008BC89A /* RxSwift in Frameworks */ = {isa = PBXBuildFile; productRef = A77F42FE28306801008BC89A /* RxSwift */; };
		A77F430128306869008BC89A /* ViewModelType.swift in Sources */ = {isa = PBXBuildFile; fileRef = A77F430028306869008BC89A /* ViewModelType.swift */; };
		A77F43052833EA8E008BC89A /* BottomButtonViewModel.swift in Sources */ = {isa = PBXBuildFile; fileRef = A77F43042833EA8E008BC89A /* BottomButtonViewModel.swift */; };
		A77F4BC1282AC8070046921B /* RegisterNameView.swift in Sources */ = {isa = PBXBuildFile; fileRef = A77F4BC0282AC8070046921B /* RegisterNameView.swift */; };
		A77F4BC4282AD1010046921B /* RegisterGenderView.swift in Sources */ = {isa = PBXBuildFile; fileRef = A77F4BC3282AD1010046921B /* RegisterGenderView.swift */; };
		A77F4BC6282B8C9D0046921B /* BottomButtonView.swift in Sources */ = {isa = PBXBuildFile; fileRef = A77F4BC5282B8C9D0046921B /* BottomButtonView.swift */; };
		A77F4BC8282B93090046921B /* SelectionButton.swift in Sources */ = {isa = PBXBuildFile; fileRef = A77F4BC7282B93090046921B /* SelectionButton.swift */; };
		A77F4BCC282BC4F10046921B /* RegisterNameViewModel.swift in Sources */ = {isa = PBXBuildFile; fileRef = A77F4BCB282BC4F10046921B /* RegisterNameViewModel.swift */; };
		A77F4BCE282BC5040046921B /* RegisterGenderViewModel.swift in Sources */ = {isa = PBXBuildFile; fileRef = A77F4BCD282BC5040046921B /* RegisterGenderViewModel.swift */; };
		A77F4BD2282BC5910046921B /* RegisterBirthView.swift in Sources */ = {isa = PBXBuildFile; fileRef = A77F4BD1282BC5910046921B /* RegisterBirthView.swift */; };
		A77F4BD4282BC5990046921B /* RegisterBirthViewModel.swift in Sources */ = {isa = PBXBuildFile; fileRef = A77F4BD3282BC5990046921B /* RegisterBirthViewModel.swift */; };
		A77F4BD6282BC5B30046921B /* RegisterNationalityView.swift in Sources */ = {isa = PBXBuildFile; fileRef = A77F4BD5282BC5B30046921B /* RegisterNationalityView.swift */; };
		A77F4BD8282BC5BE0046921B /* RegisterNationalityViewModel.swift in Sources */ = {isa = PBXBuildFile; fileRef = A77F4BD7282BC5BE0046921B /* RegisterNationalityViewModel.swift */; };
		A77F4BDC282BC5FC0046921B /* RegisterLanguageView.swift in Sources */ = {isa = PBXBuildFile; fileRef = A77F4BDB282BC5FC0046921B /* RegisterLanguageView.swift */; };
		A77F4BDE282BC6030046921B /* RegisterLanguageViewModel.swift in Sources */ = {isa = PBXBuildFile; fileRef = A77F4BDD282BC6030046921B /* RegisterLanguageViewModel.swift */; };
		A77F4BE0282BC6230046921B /* RegisterPersonalityView.swift in Sources */ = {isa = PBXBuildFile; fileRef = A77F4BDF282BC6230046921B /* RegisterPersonalityView.swift */; };
		A77F4BE2282BC6280046921B /* RegisterPersonalityViewModel.swift in Sources */ = {isa = PBXBuildFile; fileRef = A77F4BE1282BC6280046921B /* RegisterPersonalityViewModel.swift */; };
		A77F4BE4282BC63D0046921B /* RegisterHobbyView.swift in Sources */ = {isa = PBXBuildFile; fileRef = A77F4BE3282BC63D0046921B /* RegisterHobbyView.swift */; };
		A77F4BE6282BC6400046921B /* RegisterHobbyViewModel.swift in Sources */ = {isa = PBXBuildFile; fileRef = A77F4BE5282BC6400046921B /* RegisterHobbyViewModel.swift */; };
		A77F4BEB282CA3150046921B /* BirthPickerView.swift in Sources */ = {isa = PBXBuildFile; fileRef = A77F4BEA282CA3150046921B /* BirthPickerView.swift */; };
		A78C535E283B719800CC41F5 /* HangoutImageSectionView.swift in Sources */ = {isa = PBXBuildFile; fileRef = A78C535D283B719800CC41F5 /* HangoutImageSectionView.swift */; };
		A78C5360283B741700CC41F5 /* HangoutImageCell.swift in Sources */ = {isa = PBXBuildFile; fileRef = A78C535F283B741700CC41F5 /* HangoutImageCell.swift */; };
		A78C5364283BA3E000CC41F5 /* HangoutMainSectionView.swift in Sources */ = {isa = PBXBuildFile; fileRef = A78C5363283BA3E000CC41F5 /* HangoutMainSectionView.swift */; };
		A78C5366283BB16500CC41F5 /* HangoutMapSectionView.swift in Sources */ = {isa = PBXBuildFile; fileRef = A78C5365283BB16500CC41F5 /* HangoutMapSectionView.swift */; };
		A78C5368283BB3F100CC41F5 /* HangoutPlanSectionView.swift in Sources */ = {isa = PBXBuildFile; fileRef = A78C5367283BB3F100CC41F5 /* HangoutPlanSectionView.swift */; };
		A78C536A283BB58F00CC41F5 /* HangoutParticipantsSectionView.swift in Sources */ = {isa = PBXBuildFile; fileRef = A78C5369283BB58F00CC41F5 /* HangoutParticipantsSectionView.swift */; };
		A7EB77FF282A9BB400E3E965 /* ProgressBarView.swift in Sources */ = {isa = PBXBuildFile; fileRef = A7EB77FE282A9BB400E3E965 /* ProgressBarView.swift */; };
		A7EB7806282AB48500E3E965 /* Roboto-Light.ttf in Resources */ = {isa = PBXBuildFile; fileRef = A7EB7805282AB48500E3E965 /* Roboto-Light.ttf */; };
		A7EB7808282AB51C00E3E965 /* Roboto-Medium.ttf in Resources */ = {isa = PBXBuildFile; fileRef = A7EB7807282AB51C00E3E965 /* Roboto-Medium.ttf */; };
		A7EB7830282AB79200E3E965 /* Roboto-Black.ttf in Resources */ = {isa = PBXBuildFile; fileRef = A7EB782F282AB79200E3E965 /* Roboto-Black.ttf */; };
		A7EB7832282AB79B00E3E965 /* Roboto-Bold.ttf in Resources */ = {isa = PBXBuildFile; fileRef = A7EB7831282AB79B00E3E965 /* Roboto-Bold.ttf */; };
		A7EB7834282AB7A900E3E965 /* Roboto-Regular.ttf in Resources */ = {isa = PBXBuildFile; fileRef = A7EB7833282AB7A900E3E965 /* Roboto-Regular.ttf */; };
		A7EB7836282AB7B100E3E965 /* Roboto-Thin.ttf in Resources */ = {isa = PBXBuildFile; fileRef = A7EB7835282AB7B100E3E965 /* Roboto-Thin.ttf */; };
		A7EB783B282AC3CD00E3E965 /* RegisterViewController.swift in Sources */ = {isa = PBXBuildFile; fileRef = A7EB783A282AC3CD00E3E965 /* RegisterViewController.swift */; };
/* End PBXBuildFile section */

/* Begin PBXFileReference section */
		A717323028355ED90073E702 /* HomeListTopView.swift */ = {isa = PBXFileReference; lastKnownFileType = sourcecode.swift; path = HomeListTopView.swift; sourceTree = "<group>"; };
		A7173233283564620073E702 /* Constant.swift */ = {isa = PBXFileReference; lastKnownFileType = sourcecode.swift; path = Constant.swift; sourceTree = "<group>"; };
		A71732352836171A0073E702 /* bappy.png */ = {isa = PBXFileReference; lastKnownFileType = image.png; path = bappy.png; sourceTree = "<group>"; };
		A71732372836171F0073E702 /* logo.png */ = {isa = PBXFileReference; lastKnownFileType = image.png; path = logo.png; sourceTree = "<group>"; };
		A717323B28361F580073E702 /* TitleTopView.swift */ = {isa = PBXFileReference; lastKnownFileType = sourcecode.swift; path = TitleTopView.swift; sourceTree = "<group>"; };
		A717323E283631860073E702 /* BappyNavigationViewController.swift */ = {isa = PBXFileReference; lastKnownFileType = sourcecode.swift; path = BappyNavigationViewController.swift; sourceTree = "<group>"; };
		A717324028363D1F0073E702 /* ProfileView.swift */ = {isa = PBXFileReference; lastKnownFileType = sourcecode.swift; path = ProfileView.swift; sourceTree = "<group>"; };
		A71EBAEB283553890052C60A /* BappyTabBarController.swift */ = {isa = PBXFileReference; lastKnownFileType = sourcecode.swift; path = BappyTabBarController.swift; sourceTree = "<group>"; };
		A71EBAED2835558D0052C60A /* MyListViewController.swift */ = {isa = PBXFileReference; lastKnownFileType = sourcecode.swift; path = MyListViewController.swift; sourceTree = "<group>"; };
		A71EBAEF283555B90052C60A /* HomeListViewController.swift */ = {isa = PBXFileReference; lastKnownFileType = sourcecode.swift; path = HomeListViewController.swift; sourceTree = "<group>"; };
		A71EBAF1283555D30052C60A /* ProfileViewController.swift */ = {isa = PBXFileReference; lastKnownFileType = sourcecode.swift; path = ProfileViewController.swift; sourceTree = "<group>"; };
		A72C06C5283666820068897C /* HangoutCell.swift */ = {isa = PBXFileReference; lastKnownFileType = sourcecode.swift; path = HangoutCell.swift; sourceTree = "<group>"; };
		A72C06C7283694110068897C /* example_post.png */ = {isa = PBXFileReference; lastKnownFileType = image.png; path = example_post.png; sourceTree = "<group>"; };
		A72C06C9283732690068897C /* ParticipantsView.swift */ = {isa = PBXFileReference; lastKnownFileType = sourcecode.swift; path = ParticipantsView.swift; sourceTree = "<group>"; };
		A72C06CB283733E50068897C /* ParticipantImageCell.swift */ = {isa = PBXFileReference; lastKnownFileType = sourcecode.swift; path = ParticipantImageCell.swift; sourceTree = "<group>"; };
		A72C06CD28373A360068897C /* HangoutDetailViewController.swift */ = {isa = PBXFileReference; lastKnownFileType = sourcecode.swift; path = HangoutDetailViewController.swift; sourceTree = "<group>"; };
		A74640D9282EA1BC0022322E /* CountryListView.swift */ = {isa = PBXFileReference; lastKnownFileType = sourcecode.swift; path = CountryListView.swift; sourceTree = "<group>"; };
		A7598C7B282EA90D00F96E39 /* Country.swift */ = {isa = PBXFileReference; lastKnownFileType = sourcecode.swift; path = Country.swift; sourceTree = "<group>"; };
		A75B11B3283BE66200C49597 /* BappyTabBar.swift */ = {isa = PBXFileReference; lastKnownFileType = sourcecode.swift; path = BappyTabBar.swift; sourceTree = "<group>"; };
		A75B11B7283C75C100C49597 /* ReportViewController.swift */ = {isa = PBXFileReference; lastKnownFileType = sourcecode.swift; path = ReportViewController.swift; sourceTree = "<group>"; };
		A75B11BA283C8A4000C49597 /* ReportWritingSectionView.swift */ = {isa = PBXFileReference; lastKnownFileType = sourcecode.swift; path = ReportWritingSectionView.swift; sourceTree = "<group>"; };
		A75B11BC283C993C00C49597 /* ReportImageSectionView.swift */ = {isa = PBXFileReference; lastKnownFileType = sourcecode.swift; path = ReportImageSectionView.swift; sourceTree = "<group>"; };
		A75B11BF283C9BF700C49597 /* ReportPhotoCell.swift */ = {isa = PBXFileReference; lastKnownFileType = sourcecode.swift; path = ReportPhotoCell.swift; sourceTree = "<group>"; };
		A75B11C2283CB14B00C49597 /* ReportTypeDropdownView.swift */ = {isa = PBXFileReference; lastKnownFileType = sourcecode.swift; path = ReportTypeDropdownView.swift; sourceTree = "<group>"; };
		A75B11C4283CBC1F00C49597 /* ReportTypeCell.swift */ = {isa = PBXFileReference; lastKnownFileType = sourcecode.swift; path = ReportTypeCell.swift; sourceTree = "<group>"; };
		A75B11C9283CF74600C49597 /* RegisterSuccessViewController.swift */ = {isa = PBXFileReference; lastKnownFileType = sourcecode.swift; path = RegisterSuccessViewController.swift; sourceTree = "<group>"; };
		A75B11CE283CF7A300C49597 /* success.json */ = {isa = PBXFileReference; fileEncoding = 4; lastKnownFileType = text.json; path = success.json; sourceTree = "<group>"; };
		A769CCDA282A8C300086182C /* Bappy.app */ = {isa = PBXFileReference; explicitFileType = wrapper.application; includeInIndex = 0; path = Bappy.app; sourceTree = BUILT_PRODUCTS_DIR; };
		A769CCDD282A8C300086182C /* AppDelegate.swift */ = {isa = PBXFileReference; lastKnownFileType = sourcecode.swift; path = AppDelegate.swift; sourceTree = "<group>"; };
		A769CCDF282A8C300086182C /* SceneDelegate.swift */ = {isa = PBXFileReference; lastKnownFileType = sourcecode.swift; path = SceneDelegate.swift; sourceTree = "<group>"; };
		A769CCE6282A8C310086182C /* Assets.xcassets */ = {isa = PBXFileReference; lastKnownFileType = folder.assetcatalog; path = Assets.xcassets; sourceTree = "<group>"; };
		A769CCE9282A8C310086182C /* Base */ = {isa = PBXFileReference; lastKnownFileType = file.storyboard; name = Base; path = Base.lproj/LaunchScreen.storyboard; sourceTree = "<group>"; };
		A769CCEB282A8C310086182C /* Info.plist */ = {isa = PBXFileReference; lastKnownFileType = text.plist.xml; path = Info.plist; sourceTree = "<group>"; };
		A769CD1C282A947B0086182C /* Extension.swift */ = {isa = PBXFileReference; lastKnownFileType = sourcecode.swift; path = Extension.swift; sourceTree = "<group>"; };
		A77309A628376288007E73F4 /* SortingHeaderView.swift */ = {isa = PBXFileReference; lastKnownFileType = sourcecode.swift; path = SortingHeaderView.swift; sourceTree = "<group>"; };
		A77F42F7283067B9008BC89A /* RegisterViewModel.swift */ = {isa = PBXFileReference; lastKnownFileType = sourcecode.swift; path = RegisterViewModel.swift; sourceTree = "<group>"; };
		A77F430028306869008BC89A /* ViewModelType.swift */ = {isa = PBXFileReference; lastKnownFileType = sourcecode.swift; path = ViewModelType.swift; sourceTree = "<group>"; };
		A77F43042833EA8E008BC89A /* BottomButtonViewModel.swift */ = {isa = PBXFileReference; lastKnownFileType = sourcecode.swift; path = BottomButtonViewModel.swift; sourceTree = "<group>"; };
		A77F4BC0282AC8070046921B /* RegisterNameView.swift */ = {isa = PBXFileReference; lastKnownFileType = sourcecode.swift; path = RegisterNameView.swift; sourceTree = "<group>"; };
		A77F4BC3282AD1010046921B /* RegisterGenderView.swift */ = {isa = PBXFileReference; lastKnownFileType = sourcecode.swift; path = RegisterGenderView.swift; sourceTree = "<group>"; };
		A77F4BC5282B8C9D0046921B /* BottomButtonView.swift */ = {isa = PBXFileReference; lastKnownFileType = sourcecode.swift; path = BottomButtonView.swift; sourceTree = "<group>"; };
		A77F4BC7282B93090046921B /* SelectionButton.swift */ = {isa = PBXFileReference; lastKnownFileType = sourcecode.swift; path = SelectionButton.swift; sourceTree = "<group>"; };
		A77F4BCB282BC4F10046921B /* RegisterNameViewModel.swift */ = {isa = PBXFileReference; lastKnownFileType = sourcecode.swift; path = RegisterNameViewModel.swift; sourceTree = "<group>"; };
		A77F4BCD282BC5040046921B /* RegisterGenderViewModel.swift */ = {isa = PBXFileReference; lastKnownFileType = sourcecode.swift; path = RegisterGenderViewModel.swift; sourceTree = "<group>"; };
		A77F4BD1282BC5910046921B /* RegisterBirthView.swift */ = {isa = PBXFileReference; lastKnownFileType = sourcecode.swift; path = RegisterBirthView.swift; sourceTree = "<group>"; };
		A77F4BD3282BC5990046921B /* RegisterBirthViewModel.swift */ = {isa = PBXFileReference; lastKnownFileType = sourcecode.swift; path = RegisterBirthViewModel.swift; sourceTree = "<group>"; };
		A77F4BD5282BC5B30046921B /* RegisterNationalityView.swift */ = {isa = PBXFileReference; lastKnownFileType = sourcecode.swift; path = RegisterNationalityView.swift; sourceTree = "<group>"; };
		A77F4BD7282BC5BE0046921B /* RegisterNationalityViewModel.swift */ = {isa = PBXFileReference; lastKnownFileType = sourcecode.swift; path = RegisterNationalityViewModel.swift; sourceTree = "<group>"; };
		A77F4BDB282BC5FC0046921B /* RegisterLanguageView.swift */ = {isa = PBXFileReference; lastKnownFileType = sourcecode.swift; path = RegisterLanguageView.swift; sourceTree = "<group>"; };
		A77F4BDD282BC6030046921B /* RegisterLanguageViewModel.swift */ = {isa = PBXFileReference; lastKnownFileType = sourcecode.swift; path = RegisterLanguageViewModel.swift; sourceTree = "<group>"; };
		A77F4BDF282BC6230046921B /* RegisterPersonalityView.swift */ = {isa = PBXFileReference; lastKnownFileType = sourcecode.swift; path = RegisterPersonalityView.swift; sourceTree = "<group>"; };
		A77F4BE1282BC6280046921B /* RegisterPersonalityViewModel.swift */ = {isa = PBXFileReference; lastKnownFileType = sourcecode.swift; path = RegisterPersonalityViewModel.swift; sourceTree = "<group>"; };
		A77F4BE3282BC63D0046921B /* RegisterHobbyView.swift */ = {isa = PBXFileReference; lastKnownFileType = sourcecode.swift; path = RegisterHobbyView.swift; sourceTree = "<group>"; };
		A77F4BE5282BC6400046921B /* RegisterHobbyViewModel.swift */ = {isa = PBXFileReference; lastKnownFileType = sourcecode.swift; path = RegisterHobbyViewModel.swift; sourceTree = "<group>"; };
		A77F4BEA282CA3150046921B /* BirthPickerView.swift */ = {isa = PBXFileReference; lastKnownFileType = sourcecode.swift; path = BirthPickerView.swift; sourceTree = "<group>"; };
		A78C535D283B719800CC41F5 /* HangoutImageSectionView.swift */ = {isa = PBXFileReference; lastKnownFileType = sourcecode.swift; path = HangoutImageSectionView.swift; sourceTree = "<group>"; };
		A78C535F283B741700CC41F5 /* HangoutImageCell.swift */ = {isa = PBXFileReference; lastKnownFileType = sourcecode.swift; path = HangoutImageCell.swift; sourceTree = "<group>"; };
		A78C5363283BA3E000CC41F5 /* HangoutMainSectionView.swift */ = {isa = PBXFileReference; lastKnownFileType = sourcecode.swift; path = HangoutMainSectionView.swift; sourceTree = "<group>"; };
		A78C5365283BB16500CC41F5 /* HangoutMapSectionView.swift */ = {isa = PBXFileReference; lastKnownFileType = sourcecode.swift; path = HangoutMapSectionView.swift; sourceTree = "<group>"; };
		A78C5367283BB3F100CC41F5 /* HangoutPlanSectionView.swift */ = {isa = PBXFileReference; lastKnownFileType = sourcecode.swift; path = HangoutPlanSectionView.swift; sourceTree = "<group>"; };
		A78C5369283BB58F00CC41F5 /* HangoutParticipantsSectionView.swift */ = {isa = PBXFileReference; lastKnownFileType = sourcecode.swift; path = HangoutParticipantsSectionView.swift; sourceTree = "<group>"; };
		A7EB77FE282A9BB400E3E965 /* ProgressBarView.swift */ = {isa = PBXFileReference; lastKnownFileType = sourcecode.swift; path = ProgressBarView.swift; sourceTree = "<group>"; };
		A7EB7805282AB48500E3E965 /* Roboto-Light.ttf */ = {isa = PBXFileReference; lastKnownFileType = file; path = "Roboto-Light.ttf"; sourceTree = "<group>"; };
		A7EB7807282AB51C00E3E965 /* Roboto-Medium.ttf */ = {isa = PBXFileReference; lastKnownFileType = file; path = "Roboto-Medium.ttf"; sourceTree = "<group>"; };
		A7EB782F282AB79200E3E965 /* Roboto-Black.ttf */ = {isa = PBXFileReference; lastKnownFileType = file; path = "Roboto-Black.ttf"; sourceTree = "<group>"; };
		A7EB7831282AB79B00E3E965 /* Roboto-Bold.ttf */ = {isa = PBXFileReference; lastKnownFileType = file; path = "Roboto-Bold.ttf"; sourceTree = "<group>"; };
		A7EB7833282AB7A900E3E965 /* Roboto-Regular.ttf */ = {isa = PBXFileReference; lastKnownFileType = file; path = "Roboto-Regular.ttf"; sourceTree = "<group>"; };
		A7EB7835282AB7B100E3E965 /* Roboto-Thin.ttf */ = {isa = PBXFileReference; lastKnownFileType = file; path = "Roboto-Thin.ttf"; sourceTree = "<group>"; };
		A7EB783A282AC3CD00E3E965 /* RegisterViewController.swift */ = {isa = PBXFileReference; lastKnownFileType = sourcecode.swift; path = RegisterViewController.swift; sourceTree = "<group>"; };
/* End PBXFileReference section */

/* Begin PBXFrameworksBuildPhase section */
		A769CCD7282A8C300086182C /* Frameworks */ = {
			isa = PBXFrameworksBuildPhase;
			buildActionMask = 2147483647;
			files = (
				A77F42FB28306801008BC89A /* RxCocoa in Frameworks */,
				A769CCFF282A8F100086182C /* Kingfisher in Frameworks */,
				A77F42FF28306801008BC89A /* RxSwift in Frameworks */,
				A77F42FD28306801008BC89A /* RxRelay in Frameworks */,
				A769CCFC282A8EF30086182C /* SnapKit in Frameworks */,
				A75B11C8283CF70400C49597 /* Lottie in Frameworks */,
			);
			runOnlyForDeploymentPostprocessing = 0;
		};
/* End PBXFrameworksBuildPhase section */

/* Begin PBXGroup section */
		A717323228355EDC0073E702 /* SubComponents */ = {
			isa = PBXGroup;
			children = (
				A717323028355ED90073E702 /* HomeListTopView.swift */,
				A77309A628376288007E73F4 /* SortingHeaderView.swift */,
			);
			path = SubComponents;
			sourceTree = "<group>";
		};
		A717323D28361F5F0073E702 /* Components */ = {
			isa = PBXGroup;
			children = (
				A717323E283631860073E702 /* BappyNavigationViewController.swift */,
				A717323B28361F580073E702 /* TitleTopView.swift */,
				A72C06C9283732690068897C /* ParticipantsView.swift */,
				A72C06CB283733E50068897C /* ParticipantImageCell.swift */,
			);
			path = Components;
			sourceTree = "<group>";
		};
		A71732422836494A0073E702 /* SubComponents */ = {
			isa = PBXGroup;
			children = (
				A717324028363D1F0073E702 /* ProfileView.swift */,
			);
			name = SubComponents;
			sourceTree = "<group>";
		};
		A71EBAF328355BFA0052C60A /* TabBar */ = {
			isa = PBXGroup;
			children = (
				A71EBAEB283553890052C60A /* BappyTabBarController.swift */,
				A75B11B3283BE66200C49597 /* BappyTabBar.swift */,
			);
			path = TabBar;
			sourceTree = "<group>";
		};
		A71EBAF528355C1B0052C60A /* My */ = {
			isa = PBXGroup;
			children = (
				A71EBAED2835558D0052C60A /* MyListViewController.swift */,
			);
			path = My;
			sourceTree = "<group>";
		};
		A71EBAF628355C230052C60A /* Home */ = {
			isa = PBXGroup;
			children = (
				A71EBAEF283555B90052C60A /* HomeListViewController.swift */,
				A717323228355EDC0073E702 /* SubComponents */,
			);
			path = Home;
			sourceTree = "<group>";
		};
		A71EBAF728355C2A0052C60A /* Profile */ = {
			isa = PBXGroup;
			children = (
				A71EBAF1283555D30052C60A /* ProfileViewController.swift */,
				A71732422836494A0073E702 /* SubComponents */,
			);
			path = Profile;
			sourceTree = "<group>";
		};
		A72C06CF28373A3B0068897C /* Hangout */ = {
			isa = PBXGroup;
			children = (
				A72C06CD28373A360068897C /* HangoutDetailViewController.swift */,
				A78C5361283B79AF00CC41F5 /* SubViews */,
				A78C5362283B79C900CC41F5 /* SubComponents */,
			);
			path = Hangout;
			sourceTree = "<group>";
		};
		A7598C7A282EA8F600F96E39 /* Entity */ = {
			isa = PBXGroup;
			children = (
				A7598C7B282EA90D00F96E39 /* Country.swift */,
			);
			path = Entity;
			sourceTree = "<group>";
		};
		A75B11B9283C75C500C49597 /* Report */ = {
			isa = PBXGroup;
			children = (
				A75B11B7283C75C100C49597 /* ReportViewController.swift */,
				A75B11BE283C9BDD00C49597 /* SubViews */,
				A75B11C1283C9C0000C49597 /* SubComponents */,
			);
			path = Report;
			sourceTree = "<group>";
		};
		A75B11BE283C9BDD00C49597 /* SubViews */ = {
			isa = PBXGroup;
			children = (
				A75B11BA283C8A4000C49597 /* ReportWritingSectionView.swift */,
				A75B11BC283C993C00C49597 /* ReportImageSectionView.swift */,
				A75B11C2283CB14B00C49597 /* ReportTypeDropdownView.swift */,
			);
			path = SubViews;
			sourceTree = "<group>";
		};
		A75B11C1283C9C0000C49597 /* SubComponents */ = {
			isa = PBXGroup;
			children = (
				A75B11BF283C9BF700C49597 /* ReportPhotoCell.swift */,
				A75B11C4283CBC1F00C49597 /* ReportTypeCell.swift */,
			);
			path = SubComponents;
			sourceTree = "<group>";
		};
		A75B11CD283CF76700C49597 /* Success */ = {
			isa = PBXGroup;
			children = (
				A75B11C9283CF74600C49597 /* RegisterSuccessViewController.swift */,
			);
			path = Success;
			sourceTree = "<group>";
		};
		A75B11D0283CF7A700C49597 /* Lottie */ = {
			isa = PBXGroup;
			children = (
				A75B11CE283CF7A300C49597 /* success.json */,
			);
			path = Lottie;
			sourceTree = "<group>";
		};
		A769CCD1282A8C300086182C = {
			isa = PBXGroup;
			children = (
				A769CCDC282A8C300086182C /* Bappy */,
				A769CCDB282A8C300086182C /* Products */,
			);
			sourceTree = "<group>";
		};
		A769CCDB282A8C300086182C /* Products */ = {
			isa = PBXGroup;
			children = (
				A769CCDA282A8C300086182C /* Bappy.app */,
			);
			name = Products;
			sourceTree = "<group>";
		};
		A769CCDC282A8C300086182C /* Bappy */ = {
			isa = PBXGroup;
			children = (
				A769CCEB282A8C310086182C /* Info.plist */,
				A769CCF1282A8CB40086182C /* AppDelegate */,
				A769CCF2282A8D0F0086182C /* Resource */,
				A7598C7A282EA8F600F96E39 /* Entity */,
				A769CCF3282A8D3F0086182C /* Presentation */,
				A769CD1E282A94800086182C /* Util */,
			);
			path = Bappy;
			sourceTree = "<group>";
		};
		A769CCF1282A8CB40086182C /* AppDelegate */ = {
			isa = PBXGroup;
			children = (
				A769CCDD282A8C300086182C /* AppDelegate.swift */,
				A769CCDF282A8C300086182C /* SceneDelegate.swift */,
			);
			path = AppDelegate;
			sourceTree = "<group>";
		};
		A769CCF2282A8D0F0086182C /* Resource */ = {
			isa = PBXGroup;
			children = (
				A7EB7837282AB83800E3E965 /* Font */,
				A75B11D0283CF7A700C49597 /* Lottie */,
				A769CCE6282A8C310086182C /* Assets.xcassets */,
				A71732352836171A0073E702 /* bappy.png */,
				A71732372836171F0073E702 /* logo.png */,
				A72C06C7283694110068897C /* example_post.png */,
			);
			path = Resource;
			sourceTree = "<group>";
		};
		A769CCF3282A8D3F0086182C /* Presentation */ = {
			isa = PBXGroup;
			children = (
				A769CCE8282A8C310086182C /* LaunchScreen.storyboard */,
				A717323D28361F5F0073E702 /* Components */,
				A71EBAF328355BFA0052C60A /* TabBar */,
				A72C06CF28373A3B0068897C /* Hangout */,
				A71EBAF528355C1B0052C60A /* My */,
				A71EBAF628355C230052C60A /* Home */,
				A71EBAF728355C2A0052C60A /* Profile */,
				A769CD02282A8F7A0086182C /* Register */,
				A75B11B9283C75C500C49597 /* Report */,
			);
			path = Presentation;
			sourceTree = "<group>";
		};
		A769CD02282A8F7A0086182C /* Register */ = {
			isa = PBXGroup;
			children = (
				A7EB783A282AC3CD00E3E965 /* RegisterViewController.swift */,
				A77F42F7283067B9008BC89A /* RegisterViewModel.swift */,
				A75B11CD283CF76700C49597 /* Success */,
				A77F4BC2282AC8100046921B /* SubViews */,
				A7EB7800282A9BB700E3E965 /* SubComponents */,
			);
			path = Register;
			sourceTree = "<group>";
		};
		A769CD1E282A94800086182C /* Util */ = {
			isa = PBXGroup;
			children = (
				A769CD1C282A947B0086182C /* Extension.swift */,
				A7173233283564620073E702 /* Constant.swift */,
				A77F430028306869008BC89A /* ViewModelType.swift */,
			);
			path = Util;
			sourceTree = "<group>";
		};
		A77F4BC2282AC8100046921B /* SubViews */ = {
			isa = PBXGroup;
			children = (
				A77F4BCF282BC5730046921B /* Name */,
				A77F4BD0282BC57B0046921B /* Gender */,
				A77F4BD9282BC5C40046921B /* Birth */,
				A77F4BDA282BC5E50046921B /* Nationality */,
				A77F4BE7282BC6480046921B /* Language */,
				A77F4BE8282BC6530046921B /* Personality */,
				A77F4BE9282BC65E0046921B /* Hobby */,
			);
			path = SubViews;
			sourceTree = "<group>";
		};
		A77F4BCF282BC5730046921B /* Name */ = {
			isa = PBXGroup;
			children = (
				A77F4BC0282AC8070046921B /* RegisterNameView.swift */,
				A77F4BCB282BC4F10046921B /* RegisterNameViewModel.swift */,
			);
			path = Name;
			sourceTree = "<group>";
		};
		A77F4BD0282BC57B0046921B /* Gender */ = {
			isa = PBXGroup;
			children = (
				A77F4BC3282AD1010046921B /* RegisterGenderView.swift */,
				A77F4BCD282BC5040046921B /* RegisterGenderViewModel.swift */,
			);
			path = Gender;
			sourceTree = "<group>";
		};
		A77F4BD9282BC5C40046921B /* Birth */ = {
			isa = PBXGroup;
			children = (
				A77F4BD1282BC5910046921B /* RegisterBirthView.swift */,
				A77F4BD3282BC5990046921B /* RegisterBirthViewModel.swift */,
			);
			path = Birth;
			sourceTree = "<group>";
		};
		A77F4BDA282BC5E50046921B /* Nationality */ = {
			isa = PBXGroup;
			children = (
				A77F4BD5282BC5B30046921B /* RegisterNationalityView.swift */,
				A77F4BD7282BC5BE0046921B /* RegisterNationalityViewModel.swift */,
			);
			path = Nationality;
			sourceTree = "<group>";
		};
		A77F4BE7282BC6480046921B /* Language */ = {
			isa = PBXGroup;
			children = (
				A77F4BDB282BC5FC0046921B /* RegisterLanguageView.swift */,
				A77F4BDD282BC6030046921B /* RegisterLanguageViewModel.swift */,
			);
			path = Language;
			sourceTree = "<group>";
		};
		A77F4BE8282BC6530046921B /* Personality */ = {
			isa = PBXGroup;
			children = (
				A77F4BDF282BC6230046921B /* RegisterPersonalityView.swift */,
				A77F4BE1282BC6280046921B /* RegisterPersonalityViewModel.swift */,
			);
			path = Personality;
			sourceTree = "<group>";
		};
		A77F4BE9282BC65E0046921B /* Hobby */ = {
			isa = PBXGroup;
			children = (
				A77F4BE3282BC63D0046921B /* RegisterHobbyView.swift */,
				A77F4BE5282BC6400046921B /* RegisterHobbyViewModel.swift */,
			);
			path = Hobby;
			sourceTree = "<group>";
		};
		A78C5361283B79AF00CC41F5 /* SubViews */ = {
			isa = PBXGroup;
			children = (
				A78C535D283B719800CC41F5 /* HangoutImageSectionView.swift */,
				A78C5363283BA3E000CC41F5 /* HangoutMainSectionView.swift */,
				A78C5365283BB16500CC41F5 /* HangoutMapSectionView.swift */,
				A78C5367283BB3F100CC41F5 /* HangoutPlanSectionView.swift */,
				A78C5369283BB58F00CC41F5 /* HangoutParticipantsSectionView.swift */,
			);
			path = SubViews;
			sourceTree = "<group>";
		};
		A78C5362283B79C900CC41F5 /* SubComponents */ = {
			isa = PBXGroup;
			children = (
				A72C06C5283666820068897C /* HangoutCell.swift */,
				A78C535F283B741700CC41F5 /* HangoutImageCell.swift */,
			);
			path = SubComponents;
			sourceTree = "<group>";
		};
		A7EB7800282A9BB700E3E965 /* SubComponents */ = {
			isa = PBXGroup;
			children = (
				A7EB77FE282A9BB400E3E965 /* ProgressBarView.swift */,
				A77F4BC5282B8C9D0046921B /* BottomButtonView.swift */,
				A77F43042833EA8E008BC89A /* BottomButtonViewModel.swift */,
				A77F4BC7282B93090046921B /* SelectionButton.swift */,
				A77F4BEA282CA3150046921B /* BirthPickerView.swift */,
				A74640D9282EA1BC0022322E /* CountryListView.swift */,
			);
			path = SubComponents;
			sourceTree = "<group>";
		};
		A7EB7837282AB83800E3E965 /* Font */ = {
			isa = PBXGroup;
			children = (
				A7EB782F282AB79200E3E965 /* Roboto-Black.ttf */,
				A7EB7831282AB79B00E3E965 /* Roboto-Bold.ttf */,
				A7EB7805282AB48500E3E965 /* Roboto-Light.ttf */,
				A7EB7807282AB51C00E3E965 /* Roboto-Medium.ttf */,
				A7EB7833282AB7A900E3E965 /* Roboto-Regular.ttf */,
				A7EB7835282AB7B100E3E965 /* Roboto-Thin.ttf */,
			);
			path = Font;
			sourceTree = "<group>";
		};
/* End PBXGroup section */

/* Begin PBXNativeTarget section */
		A769CCD9282A8C300086182C /* Bappy */ = {
			isa = PBXNativeTarget;
			buildConfigurationList = A769CCEE282A8C310086182C /* Build configuration list for PBXNativeTarget "Bappy" */;
			buildPhases = (
				A769CCD6282A8C300086182C /* Sources */,
				A769CCD7282A8C300086182C /* Frameworks */,
				A769CCD8282A8C300086182C /* Resources */,
			);
			buildRules = (
			);
			dependencies = (
			);
			name = Bappy;
			packageProductDependencies = (
				A769CCFB282A8EF30086182C /* SnapKit */,
				A769CCFE282A8F100086182C /* Kingfisher */,
				A77F42FA28306801008BC89A /* RxCocoa */,
				A77F42FC28306801008BC89A /* RxRelay */,
				A77F42FE28306801008BC89A /* RxSwift */,
				A75B11C7283CF70400C49597 /* Lottie */,
			);
			productName = Bappy;
			productReference = A769CCDA282A8C300086182C /* Bappy.app */;
			productType = "com.apple.product-type.application";
		};
/* End PBXNativeTarget section */

/* Begin PBXProject section */
		A769CCD2282A8C300086182C /* Project object */ = {
			isa = PBXProject;
			attributes = {
				BuildIndependentTargetsInParallel = 1;
				LastSwiftUpdateCheck = 1330;
				LastUpgradeCheck = 1330;
				TargetAttributes = {
					A769CCD9282A8C300086182C = {
						CreatedOnToolsVersion = 13.3.1;
					};
				};
			};
			buildConfigurationList = A769CCD5282A8C300086182C /* Build configuration list for PBXProject "Bappy" */;
			compatibilityVersion = "Xcode 13.0";
			developmentRegion = en;
			hasScannedForEncodings = 0;
			knownRegions = (
				en,
				Base,
			);
			mainGroup = A769CCD1282A8C300086182C;
			packageReferences = (
				A769CCFA282A8EF30086182C /* XCRemoteSwiftPackageReference "SnapKit" */,
				A769CCFD282A8F100086182C /* XCRemoteSwiftPackageReference "Kingfisher" */,
				A77F42F928306801008BC89A /* XCRemoteSwiftPackageReference "RxSwift" */,
				A75B11C6283CF70400C49597 /* XCRemoteSwiftPackageReference "lottie-ios" */,
			);
			productRefGroup = A769CCDB282A8C300086182C /* Products */;
			projectDirPath = "";
			projectRoot = "";
			targets = (
				A769CCD9282A8C300086182C /* Bappy */,
			);
		};
/* End PBXProject section */

/* Begin PBXResourcesBuildPhase section */
		A769CCD8282A8C300086182C /* Resources */ = {
			isa = PBXResourcesBuildPhase;
			buildActionMask = 2147483647;
			files = (
				A75B11CF283CF7A300C49597 /* success.json in Resources */,
				A71732362836171A0073E702 /* bappy.png in Resources */,
				A7EB7836282AB7B100E3E965 /* Roboto-Thin.ttf in Resources */,
				A7EB7808282AB51C00E3E965 /* Roboto-Medium.ttf in Resources */,
				A7EB7834282AB7A900E3E965 /* Roboto-Regular.ttf in Resources */,
				A769CCEA282A8C310086182C /* LaunchScreen.storyboard in Resources */,
				A72C06C8283694110068897C /* example_post.png in Resources */,
				A7EB7832282AB79B00E3E965 /* Roboto-Bold.ttf in Resources */,
				A71732382836171F0073E702 /* logo.png in Resources */,
				A7EB7830282AB79200E3E965 /* Roboto-Black.ttf in Resources */,
				A769CCE7282A8C310086182C /* Assets.xcassets in Resources */,
				A7EB7806282AB48500E3E965 /* Roboto-Light.ttf in Resources */,
			);
			runOnlyForDeploymentPostprocessing = 0;
		};
/* End PBXResourcesBuildPhase section */

/* Begin PBXSourcesBuildPhase section */
		A769CCD6282A8C300086182C /* Sources */ = {
			isa = PBXSourcesBuildPhase;
			buildActionMask = 2147483647;
			files = (
				A77F4BD2282BC5910046921B /* RegisterBirthView.swift in Sources */,
				A77F42F8283067B9008BC89A /* RegisterViewModel.swift in Sources */,
				A769CCDE282A8C300086182C /* AppDelegate.swift in Sources */,
				A717323128355ED90073E702 /* HomeListTopView.swift in Sources */,
				A77F4BE0282BC6230046921B /* RegisterPersonalityView.swift in Sources */,
				A77F43052833EA8E008BC89A /* BottomButtonViewModel.swift in Sources */,
				A71EBAF0283555B90052C60A /* HomeListViewController.swift in Sources */,
				A78C535E283B719800CC41F5 /* HangoutImageSectionView.swift in Sources */,
				A72C06C6283666820068897C /* HangoutCell.swift in Sources */,
				A75B11C5283CBC1F00C49597 /* ReportTypeCell.swift in Sources */,
				A71EBAEE2835558D0052C60A /* MyListViewController.swift in Sources */,
				A7173234283564620073E702 /* Constant.swift in Sources */,
				A717324128363D1F0073E702 /* ProfileView.swift in Sources */,
				A717323C28361F580073E702 /* TitleTopView.swift in Sources */,
				A77F4BEB282CA3150046921B /* BirthPickerView.swift in Sources */,
				A77F4BD8282BC5BE0046921B /* RegisterNationalityViewModel.swift in Sources */,
				A77F430128306869008BC89A /* ViewModelType.swift in Sources */,
				A78C536A283BB58F00CC41F5 /* HangoutParticipantsSectionView.swift in Sources */,
				A77F4BCC282BC4F10046921B /* RegisterNameViewModel.swift in Sources */,
				A75B11C0283C9BF700C49597 /* ReportPhotoCell.swift in Sources */,
				A77F4BE6282BC6400046921B /* RegisterHobbyViewModel.swift in Sources */,
				A78C5368283BB3F100CC41F5 /* HangoutPlanSectionView.swift in Sources */,
				A75B11B8283C75C100C49597 /* ReportViewController.swift in Sources */,
				A75B11B4283BE66200C49597 /* BappyTabBar.swift in Sources */,
				A71EBAF2283555D30052C60A /* ProfileViewController.swift in Sources */,
				A72C06CA283732690068897C /* ParticipantsView.swift in Sources */,
				A7598C7C282EA90D00F96E39 /* Country.swift in Sources */,
				A77F4BD6282BC5B30046921B /* RegisterNationalityView.swift in Sources */,
				A7EB783B282AC3CD00E3E965 /* RegisterViewController.swift in Sources */,
				A77F4BE2282BC6280046921B /* RegisterPersonalityViewModel.swift in Sources */,
				A74640DA282EA1BC0022322E /* CountryListView.swift in Sources */,
				A77F4BDE282BC6030046921B /* RegisterLanguageViewModel.swift in Sources */,
				A77F4BD4282BC5990046921B /* RegisterBirthViewModel.swift in Sources */,
				A77F4BC1282AC8070046921B /* RegisterNameView.swift in Sources */,
				A72C06CC283733E50068897C /* ParticipantImageCell.swift in Sources */,
				A75B11C3283CB14B00C49597 /* ReportTypeDropdownView.swift in Sources */,
				A769CCE0282A8C300086182C /* SceneDelegate.swift in Sources */,
				A769CD1D282A947B0086182C /* Extension.swift in Sources */,
				A77F4BC8282B93090046921B /* SelectionButton.swift in Sources */,
				A77F4BDC282BC5FC0046921B /* RegisterLanguageView.swift in Sources */,
				A71EBAEC283553890052C60A /* BappyTabBarController.swift in Sources */,
				A78C5364283BA3E000CC41F5 /* HangoutMainSectionView.swift in Sources */,
				A717323F283631860073E702 /* BappyNavigationViewController.swift in Sources */,
				A75B11BD283C993C00C49597 /* ReportImageSectionView.swift in Sources */,
				A75B11BB283C8A4000C49597 /* ReportWritingSectionView.swift in Sources */,
				A77F4BC6282B8C9D0046921B /* BottomButtonView.swift in Sources */,
				A77F4BE4282BC63D0046921B /* RegisterHobbyView.swift in Sources */,
				A75B11CA283CF74600C49597 /* RegisterSuccessViewController.swift in Sources */,
				A78C5360283B741700CC41F5 /* HangoutImageCell.swift in Sources */,
				A72C06CE28373A360068897C /* HangoutDetailViewController.swift in Sources */,
				A78C5366283BB16500CC41F5 /* HangoutMapSectionView.swift in Sources */,
				A77309A728376288007E73F4 /* SortingHeaderView.swift in Sources */,
				A7EB77FF282A9BB400E3E965 /* ProgressBarView.swift in Sources */,
				A77F4BCE282BC5040046921B /* RegisterGenderViewModel.swift in Sources */,
				A77F4BC4282AD1010046921B /* RegisterGenderView.swift in Sources */,
			);
			runOnlyForDeploymentPostprocessing = 0;
		};
/* End PBXSourcesBuildPhase section */

/* Begin PBXVariantGroup section */
		A769CCE8282A8C310086182C /* LaunchScreen.storyboard */ = {
			isa = PBXVariantGroup;
			children = (
				A769CCE9282A8C310086182C /* Base */,
			);
			name = LaunchScreen.storyboard;
			sourceTree = "<group>";
		};
/* End PBXVariantGroup section */

/* Begin XCBuildConfiguration section */
		A769CCEC282A8C310086182C /* Debug */ = {
			isa = XCBuildConfiguration;
			buildSettings = {
				ALWAYS_SEARCH_USER_PATHS = NO;
				CLANG_ANALYZER_NONNULL = YES;
				CLANG_ANALYZER_NUMBER_OBJECT_CONVERSION = YES_AGGRESSIVE;
				CLANG_CXX_LANGUAGE_STANDARD = "gnu++17";
				CLANG_ENABLE_MODULES = YES;
				CLANG_ENABLE_OBJC_ARC = YES;
				CLANG_ENABLE_OBJC_WEAK = YES;
				CLANG_WARN_BLOCK_CAPTURE_AUTORELEASING = YES;
				CLANG_WARN_BOOL_CONVERSION = YES;
				CLANG_WARN_COMMA = YES;
				CLANG_WARN_CONSTANT_CONVERSION = YES;
				CLANG_WARN_DEPRECATED_OBJC_IMPLEMENTATIONS = YES;
				CLANG_WARN_DIRECT_OBJC_ISA_USAGE = YES_ERROR;
				CLANG_WARN_DOCUMENTATION_COMMENTS = YES;
				CLANG_WARN_EMPTY_BODY = YES;
				CLANG_WARN_ENUM_CONVERSION = YES;
				CLANG_WARN_INFINITE_RECURSION = YES;
				CLANG_WARN_INT_CONVERSION = YES;
				CLANG_WARN_NON_LITERAL_NULL_CONVERSION = YES;
				CLANG_WARN_OBJC_IMPLICIT_RETAIN_SELF = YES;
				CLANG_WARN_OBJC_LITERAL_CONVERSION = YES;
				CLANG_WARN_OBJC_ROOT_CLASS = YES_ERROR;
				CLANG_WARN_QUOTED_INCLUDE_IN_FRAMEWORK_HEADER = YES;
				CLANG_WARN_RANGE_LOOP_ANALYSIS = YES;
				CLANG_WARN_STRICT_PROTOTYPES = YES;
				CLANG_WARN_SUSPICIOUS_MOVE = YES;
				CLANG_WARN_UNGUARDED_AVAILABILITY = YES_AGGRESSIVE;
				CLANG_WARN_UNREACHABLE_CODE = YES;
				CLANG_WARN__DUPLICATE_METHOD_MATCH = YES;
				COPY_PHASE_STRIP = NO;
				DEBUG_INFORMATION_FORMAT = dwarf;
				ENABLE_STRICT_OBJC_MSGSEND = YES;
				ENABLE_TESTABILITY = YES;
				GCC_C_LANGUAGE_STANDARD = gnu11;
				GCC_DYNAMIC_NO_PIC = NO;
				GCC_NO_COMMON_BLOCKS = YES;
				GCC_OPTIMIZATION_LEVEL = 0;
				GCC_PREPROCESSOR_DEFINITIONS = (
					"DEBUG=1",
					"$(inherited)",
				);
				GCC_WARN_64_TO_32_BIT_CONVERSION = YES;
				GCC_WARN_ABOUT_RETURN_TYPE = YES_ERROR;
				GCC_WARN_UNDECLARED_SELECTOR = YES;
				GCC_WARN_UNINITIALIZED_AUTOS = YES_AGGRESSIVE;
				GCC_WARN_UNUSED_FUNCTION = YES;
				GCC_WARN_UNUSED_VARIABLE = YES;
				IPHONEOS_DEPLOYMENT_TARGET = 13.0;
				MTL_ENABLE_DEBUG_INFO = INCLUDE_SOURCE;
				MTL_FAST_MATH = YES;
				ONLY_ACTIVE_ARCH = YES;
				SDKROOT = iphoneos;
				SWIFT_ACTIVE_COMPILATION_CONDITIONS = DEBUG;
				SWIFT_OPTIMIZATION_LEVEL = "-Onone";
			};
			name = Debug;
		};
		A769CCED282A8C310086182C /* Release */ = {
			isa = XCBuildConfiguration;
			buildSettings = {
				ALWAYS_SEARCH_USER_PATHS = NO;
				CLANG_ANALYZER_NONNULL = YES;
				CLANG_ANALYZER_NUMBER_OBJECT_CONVERSION = YES_AGGRESSIVE;
				CLANG_CXX_LANGUAGE_STANDARD = "gnu++17";
				CLANG_ENABLE_MODULES = YES;
				CLANG_ENABLE_OBJC_ARC = YES;
				CLANG_ENABLE_OBJC_WEAK = YES;
				CLANG_WARN_BLOCK_CAPTURE_AUTORELEASING = YES;
				CLANG_WARN_BOOL_CONVERSION = YES;
				CLANG_WARN_COMMA = YES;
				CLANG_WARN_CONSTANT_CONVERSION = YES;
				CLANG_WARN_DEPRECATED_OBJC_IMPLEMENTATIONS = YES;
				CLANG_WARN_DIRECT_OBJC_ISA_USAGE = YES_ERROR;
				CLANG_WARN_DOCUMENTATION_COMMENTS = YES;
				CLANG_WARN_EMPTY_BODY = YES;
				CLANG_WARN_ENUM_CONVERSION = YES;
				CLANG_WARN_INFINITE_RECURSION = YES;
				CLANG_WARN_INT_CONVERSION = YES;
				CLANG_WARN_NON_LITERAL_NULL_CONVERSION = YES;
				CLANG_WARN_OBJC_IMPLICIT_RETAIN_SELF = YES;
				CLANG_WARN_OBJC_LITERAL_CONVERSION = YES;
				CLANG_WARN_OBJC_ROOT_CLASS = YES_ERROR;
				CLANG_WARN_QUOTED_INCLUDE_IN_FRAMEWORK_HEADER = YES;
				CLANG_WARN_RANGE_LOOP_ANALYSIS = YES;
				CLANG_WARN_STRICT_PROTOTYPES = YES;
				CLANG_WARN_SUSPICIOUS_MOVE = YES;
				CLANG_WARN_UNGUARDED_AVAILABILITY = YES_AGGRESSIVE;
				CLANG_WARN_UNREACHABLE_CODE = YES;
				CLANG_WARN__DUPLICATE_METHOD_MATCH = YES;
				COPY_PHASE_STRIP = NO;
				DEBUG_INFORMATION_FORMAT = "dwarf-with-dsym";
				ENABLE_NS_ASSERTIONS = NO;
				ENABLE_STRICT_OBJC_MSGSEND = YES;
				GCC_C_LANGUAGE_STANDARD = gnu11;
				GCC_NO_COMMON_BLOCKS = YES;
				GCC_WARN_64_TO_32_BIT_CONVERSION = YES;
				GCC_WARN_ABOUT_RETURN_TYPE = YES_ERROR;
				GCC_WARN_UNDECLARED_SELECTOR = YES;
				GCC_WARN_UNINITIALIZED_AUTOS = YES_AGGRESSIVE;
				GCC_WARN_UNUSED_FUNCTION = YES;
				GCC_WARN_UNUSED_VARIABLE = YES;
				IPHONEOS_DEPLOYMENT_TARGET = 13.0;
				MTL_ENABLE_DEBUG_INFO = NO;
				MTL_FAST_MATH = YES;
				SDKROOT = iphoneos;
				SWIFT_COMPILATION_MODE = wholemodule;
				SWIFT_OPTIMIZATION_LEVEL = "-O";
				VALIDATE_PRODUCT = YES;
			};
			name = Release;
		};
		A769CCEF282A8C310086182C /* Debug */ = {
			isa = XCBuildConfiguration;
			buildSettings = {
				ASSETCATALOG_COMPILER_APPICON_NAME = AppIcon;
				ASSETCATALOG_COMPILER_GLOBAL_ACCENT_COLOR_NAME = AccentColor;
				CODE_SIGN_STYLE = Automatic;
				CURRENT_PROJECT_VERSION = 1;
				DEVELOPMENT_TEAM = 3CZP576P62;
				GENERATE_INFOPLIST_FILE = YES;
				INFOPLIST_FILE = Bappy/Info.plist;
				INFOPLIST_KEY_UIApplicationSupportsIndirectInputEvents = YES;
				INFOPLIST_KEY_UILaunchStoryboardName = LaunchScreen;
				INFOPLIST_KEY_UISupportedInterfaceOrientations = UIInterfaceOrientationPortrait;
				INFOPLIST_KEY_UISupportedInterfaceOrientations_iPad = "UIInterfaceOrientationPortrait UIInterfaceOrientationPortraitUpsideDown UIInterfaceOrientationLandscapeLeft UIInterfaceOrientationLandscapeRight";
				INFOPLIST_KEY_UISupportedInterfaceOrientations_iPhone = "UIInterfaceOrientationPortrait UIInterfaceOrientationLandscapeLeft UIInterfaceOrientationLandscapeRight";
				INFOPLIST_KEY_UIUserInterfaceStyle = Light;
				IPHONEOS_DEPLOYMENT_TARGET = 14.0;
				LD_RUNPATH_SEARCH_PATHS = (
					"$(inherited)",
					"@executable_path/Frameworks",
				);
				MARKETING_VERSION = 1.0;
				PRODUCT_BUNDLE_IDENTIFIER = dongcheon.Bappy;
				PRODUCT_NAME = "$(TARGET_NAME)";
				SWIFT_EMIT_LOC_STRINGS = YES;
				SWIFT_VERSION = 5.0;
				TARGETED_DEVICE_FAMILY = 1;
			};
			name = Debug;
		};
		A769CCF0282A8C310086182C /* Release */ = {
			isa = XCBuildConfiguration;
			buildSettings = {
				ASSETCATALOG_COMPILER_APPICON_NAME = AppIcon;
				ASSETCATALOG_COMPILER_GLOBAL_ACCENT_COLOR_NAME = AccentColor;
				CODE_SIGN_STYLE = Automatic;
				CURRENT_PROJECT_VERSION = 1;
				DEVELOPMENT_TEAM = 3CZP576P62;
				GENERATE_INFOPLIST_FILE = YES;
				INFOPLIST_FILE = Bappy/Info.plist;
				INFOPLIST_KEY_UIApplicationSupportsIndirectInputEvents = YES;
				INFOPLIST_KEY_UILaunchStoryboardName = LaunchScreen;
				INFOPLIST_KEY_UISupportedInterfaceOrientations = UIInterfaceOrientationPortrait;
				INFOPLIST_KEY_UISupportedInterfaceOrientations_iPad = "UIInterfaceOrientationPortrait UIInterfaceOrientationPortraitUpsideDown UIInterfaceOrientationLandscapeLeft UIInterfaceOrientationLandscapeRight";
				INFOPLIST_KEY_UISupportedInterfaceOrientations_iPhone = "UIInterfaceOrientationPortrait UIInterfaceOrientationLandscapeLeft UIInterfaceOrientationLandscapeRight";
				INFOPLIST_KEY_UIUserInterfaceStyle = Light;
				IPHONEOS_DEPLOYMENT_TARGET = 14.0;
				LD_RUNPATH_SEARCH_PATHS = (
					"$(inherited)",
					"@executable_path/Frameworks",
				);
				MARKETING_VERSION = 1.0;
				PRODUCT_BUNDLE_IDENTIFIER = dongcheon.Bappy;
				PRODUCT_NAME = "$(TARGET_NAME)";
				SWIFT_EMIT_LOC_STRINGS = YES;
				SWIFT_VERSION = 5.0;
				TARGETED_DEVICE_FAMILY = 1;
			};
			name = Release;
		};
/* End XCBuildConfiguration section */

/* Begin XCConfigurationList section */
		A769CCD5282A8C300086182C /* Build configuration list for PBXProject "Bappy" */ = {
			isa = XCConfigurationList;
			buildConfigurations = (
				A769CCEC282A8C310086182C /* Debug */,
				A769CCED282A8C310086182C /* Release */,
			);
			defaultConfigurationIsVisible = 0;
			defaultConfigurationName = Release;
		};
		A769CCEE282A8C310086182C /* Build configuration list for PBXNativeTarget "Bappy" */ = {
			isa = XCConfigurationList;
			buildConfigurations = (
				A769CCEF282A8C310086182C /* Debug */,
				A769CCF0282A8C310086182C /* Release */,
			);
			defaultConfigurationIsVisible = 0;
			defaultConfigurationName = Release;
		};
/* End XCConfigurationList section */

/* Begin XCRemoteSwiftPackageReference section */
		A75B11C6283CF70400C49597 /* XCRemoteSwiftPackageReference "lottie-ios" */ = {
			isa = XCRemoteSwiftPackageReference;
			repositoryURL = "https://github.com/airbnb/lottie-ios.git";
			requirement = {
				kind = upToNextMajorVersion;
				minimumVersion = 3.0.0;
			};
		};
		A769CCFA282A8EF30086182C /* XCRemoteSwiftPackageReference "SnapKit" */ = {
			isa = XCRemoteSwiftPackageReference;
			repositoryURL = "https://github.com/SnapKit/SnapKit.git";
			requirement = {
				branch = develop;
				kind = branch;
			};
		};
		A769CCFD282A8F100086182C /* XCRemoteSwiftPackageReference "Kingfisher" */ = {
			isa = XCRemoteSwiftPackageReference;
			repositoryURL = "https://github.com/onevcat/Kingfisher.git";
			requirement = {
				branch = master;
				kind = branch;
			};
		};
		A77F42F928306801008BC89A /* XCRemoteSwiftPackageReference "RxSwift" */ = {
			isa = XCRemoteSwiftPackageReference;
			repositoryURL = "https://github.com/ReactiveX/RxSwift.git";
			requirement = {
				branch = main;
				kind = branch;
			};
		};
/* End XCRemoteSwiftPackageReference section */

/* Begin XCSwiftPackageProductDependency section */
		A75B11C7283CF70400C49597 /* Lottie */ = {
			isa = XCSwiftPackageProductDependency;
			package = A75B11C6283CF70400C49597 /* XCRemoteSwiftPackageReference "lottie-ios" */;
			productName = Lottie;
		};
		A769CCFB282A8EF30086182C /* SnapKit */ = {
			isa = XCSwiftPackageProductDependency;
			package = A769CCFA282A8EF30086182C /* XCRemoteSwiftPackageReference "SnapKit" */;
			productName = SnapKit;
		};
		A769CCFE282A8F100086182C /* Kingfisher */ = {
			isa = XCSwiftPackageProductDependency;
			package = A769CCFD282A8F100086182C /* XCRemoteSwiftPackageReference "Kingfisher" */;
			productName = Kingfisher;
		};
		A77F42FA28306801008BC89A /* RxCocoa */ = {
			isa = XCSwiftPackageProductDependency;
			package = A77F42F928306801008BC89A /* XCRemoteSwiftPackageReference "RxSwift" */;
			productName = RxCocoa;
		};
		A77F42FC28306801008BC89A /* RxRelay */ = {
			isa = XCSwiftPackageProductDependency;
			package = A77F42F928306801008BC89A /* XCRemoteSwiftPackageReference "RxSwift" */;
			productName = RxRelay;
		};
		A77F42FE28306801008BC89A /* RxSwift */ = {
			isa = XCSwiftPackageProductDependency;
			package = A77F42F928306801008BC89A /* XCRemoteSwiftPackageReference "RxSwift" */;
			productName = RxSwift;
		};
/* End XCSwiftPackageProductDependency section */
	};
	rootObject = A769CCD2282A8C300086182C /* Project object */;
}
